// !$*UTF8*$!
{
	archiveVersion = 1;
	classes = {
	};
	objectVersion = 77;
	objects = {

/* Begin PBXBuildFile section */
		03AE99BDB8D97E6C1E2AAAA9 /* ClipboardPaster.swift in Sources */ = {isa = PBXBuildFile; fileRef = F893381EA572620312F7A2AA /* ClipboardPaster.swift */; };
		0532F7CC9BFAB959362B756A /* DictationCore in Frameworks */ = {isa = PBXBuildFile; productRef = 63CB951FBD22B94AC1F74F8B /* DictationCore */; };
		0F4CDA7E4641462C7C7177A6 /* KeyboardViewModel.swift in Sources */ = {isa = PBXBuildFile; fileRef = 01890624510CD275A4C30EB4 /* KeyboardViewModel.swift */; };
		2D5B753C002980167ADB25D5 /* ContentView.swift in Sources */ = {isa = PBXBuildFile; fileRef = 5A2805EDCBC448FE97F2F90C /* ContentView.swift */; };
		46621AF5C5BA0815B3EE0B46 /* DictationKeyboard.appex in Embed Foundation Extensions */ = {isa = PBXBuildFile; fileRef = AB734E3F36488701FED1B129 /* DictationKeyboard.appex */; settings = {ATTRIBUTES = (RemoveHeadersOnCopy, ); }; };
		48C088A41988BBDAC9CE27CC /* LoginItem.swift in Sources */ = {isa = PBXBuildFile; fileRef = 6A656F57CB9A3B48DF6FC115 /* LoginItem.swift */; };
		579481DFF171ABA4EE5304B6 /* SettingsView.swift in Sources */ = {isa = PBXBuildFile; fileRef = F97B899A97B4F3B5B85F6786 /* SettingsView.swift */; };
		5C3A024A857271A7DB5CFCFB /* HotkeyManager.swift in Sources */ = {isa = PBXBuildFile; fileRef = 6C601E327CB04D74E5AD1C9A /* HotkeyManager.swift */; };
		604185F96C5AAC980428E7EF /* DictationContainerApp.swift in Sources */ = {isa = PBXBuildFile; fileRef = 9F70B54D2321F41E75152BD7 /* DictationContainerApp.swift */; };
		7AA5EE6C73DE9F948BF8FE3A /* KeyboardView.swift in Sources */ = {isa = PBXBuildFile; fileRef = B225674414A940A2392DD7DB /* KeyboardView.swift */; };
		8E525BCD95FD477CDC884B5D /* KeyboardViewController.swift in Sources */ = {isa = PBXBuildFile; fileRef = 15307C3865CB6707DF19534D /* KeyboardViewController.swift */; };
		914EA6A02DC3169EC75C21A6 /* DictationApp.swift in Sources */ = {isa = PBXBuildFile; fileRef = 888388B0B045E88481C1043B /* DictationApp.swift */; };
		99185F57719FEA84EF120C61 /* DictationCore in Frameworks */ = {isa = PBXBuildFile; productRef = 2705919702309D804336F6EF /* DictationCore */; };
		9A915D4B3075BE62D95E31A4 /* DictationCore in Frameworks */ = {isa = PBXBuildFile; productRef = 8BE29B8F9C617FDF501D8FE4 /* DictationCore */; };
		A27AF33A1FB87FD4D02A53E9 /* Assets.xcassets in Resources */ = {isa = PBXBuildFile; fileRef = 9A88AA362405D41E5E904895 /* Assets.xcassets */; };
		A5D121B36BAEB3746F99F1CC /* RecordingHUD.swift in Sources */ = {isa = PBXBuildFile; fileRef = 6F0D7BCBCC11B04BED7F80D6 /* RecordingHUD.swift */; };
		B23F39A534E5CA7E7F2F0654 /* MenuBarView.swift in Sources */ = {isa = PBXBuildFile; fileRef = 32027EE74DAEBC2941119213 /* MenuBarView.swift */; };
		BFFAE8079D85E8343BC2CB69 /* Assets.xcassets in Resources */ = {isa = PBXBuildFile; fileRef = 5F025B2FC9418006328C9828 /* Assets.xcassets */; };
		C71C111C0C05BB9AD26D5E33 /* HistoryView.swift in Sources */ = {isa = PBXBuildFile; fileRef = 07516F34C7DC680386D2DEBF /* HistoryView.swift */; };
		D1B0DB7869A88C834B38C4C2 /* AppState.swift in Sources */ = {isa = PBXBuildFile; fileRef = 9EA16F718EAE03DD7AB9DD43 /* AppState.swift */; };
/* End PBXBuildFile section */

/* Begin PBXContainerItemProxy section */
		B36C75F5FBF1B29FAEA6378C /* PBXContainerItemProxy */ = {
			isa = PBXContainerItemProxy;
			containerPortal = 754F90D46E2F40BDCD16AEA1 /* Project object */;
			proxyType = 1;
			remoteGlobalIDString = 244C9960E4CEF184C03C3858;
			remoteInfo = DictationKeyboard;
		};
/* End PBXContainerItemProxy section */

/* Begin PBXCopyFilesBuildPhase section */
		978CA3C89719EC5FE1BB4D12 /* Embed Foundation Extensions */ = {
			isa = PBXCopyFilesBuildPhase;
			buildActionMask = 2147483647;
			dstPath = "";
			dstSubfolderSpec = 13;
			files = (
				46621AF5C5BA0815B3EE0B46 /* DictationKeyboard.appex in Embed Foundation Extensions */,
			);
			name = "Embed Foundation Extensions";
			runOnlyForDeploymentPostprocessing = 0;
		};
/* End PBXCopyFilesBuildPhase section */

/* Begin PBXFileReference section */
		01890624510CD275A4C30EB4 /* KeyboardViewModel.swift */ = {isa = PBXFileReference; lastKnownFileType = sourcecode.swift; path = KeyboardViewModel.swift; sourceTree = "<group>"; };
		07516F34C7DC680386D2DEBF /* HistoryView.swift */ = {isa = PBXFileReference; lastKnownFileType = sourcecode.swift; path = HistoryView.swift; sourceTree = "<group>"; };
		15307C3865CB6707DF19534D /* KeyboardViewController.swift */ = {isa = PBXFileReference; lastKnownFileType = sourcecode.swift; path = KeyboardViewController.swift; sourceTree = "<group>"; };
		2BEDE44D29C8252B3214EAD7 /* DictationApp.app */ = {isa = PBXFileReference; explicitFileType = wrapper.application; includeInIndex = 0; path = DictationApp.app; sourceTree = BUILT_PRODUCTS_DIR; };
		32027EE74DAEBC2941119213 /* MenuBarView.swift */ = {isa = PBXFileReference; lastKnownFileType = sourcecode.swift; path = MenuBarView.swift; sourceTree = "<group>"; };
		4F231A4EECBC7CE0F17AF2DD /* Shared */ = {isa = PBXFileReference; lastKnownFileType = folder; name = Shared; path = Shared; sourceTree = SOURCE_ROOT; };
		53A1BB5F2F7803FB812B70FD /* DictationContainerApp.app */ = {isa = PBXFileReference; includeInIndex = 0; lastKnownFileType = wrapper.application; path = DictationContainerApp.app; sourceTree = BUILT_PRODUCTS_DIR; };
		5A2805EDCBC448FE97F2F90C /* ContentView.swift */ = {isa = PBXFileReference; lastKnownFileType = sourcecode.swift; path = ContentView.swift; sourceTree = "<group>"; };
		5F025B2FC9418006328C9828 /* Assets.xcassets */ = {isa = PBXFileReference; lastKnownFileType = folder.assetcatalog; path = Assets.xcassets; sourceTree = "<group>"; };
		6A656F57CB9A3B48DF6FC115 /* LoginItem.swift */ = {isa = PBXFileReference; lastKnownFileType = sourcecode.swift; path = LoginItem.swift; sourceTree = "<group>"; };
		6C601E327CB04D74E5AD1C9A /* HotkeyManager.swift */ = {isa = PBXFileReference; lastKnownFileType = sourcecode.swift; path = HotkeyManager.swift; sourceTree = "<group>"; };
		6F0D7BCBCC11B04BED7F80D6 /* RecordingHUD.swift */ = {isa = PBXFileReference; lastKnownFileType = sourcecode.swift; path = RecordingHUD.swift; sourceTree = "<group>"; };
		732756D9E94768DA56B07A2E /* DictationContainerApp.entitlements */ = {isa = PBXFileReference; lastKnownFileType = text.plist.entitlements; path = DictationContainerApp.entitlements; sourceTree = "<group>"; };
		888388B0B045E88481C1043B /* DictationApp.swift */ = {isa = PBXFileReference; lastKnownFileType = sourcecode.swift; path = DictationApp.swift; sourceTree = "<group>"; };
		9A88AA362405D41E5E904895 /* Assets.xcassets */ = {isa = PBXFileReference; lastKnownFileType = folder.assetcatalog; path = Assets.xcassets; sourceTree = "<group>"; };
		9EA16F718EAE03DD7AB9DD43 /* AppState.swift */ = {isa = PBXFileReference; lastKnownFileType = sourcecode.swift; path = AppState.swift; sourceTree = "<group>"; };
		9F70B54D2321F41E75152BD7 /* DictationContainerApp.swift */ = {isa = PBXFileReference; lastKnownFileType = sourcecode.swift; path = DictationContainerApp.swift; sourceTree = "<group>"; };
		A1197CFEC1B1A50A15775D9A /* Info.plist */ = {isa = PBXFileReference; lastKnownFileType = text.plist; path = Info.plist; sourceTree = "<group>"; };
		A89209CB5C151D311F4CCB7F /* DictationKeyboard.entitlements */ = {isa = PBXFileReference; lastKnownFileType = text.plist.entitlements; path = DictationKeyboard.entitlements; sourceTree = "<group>"; };
		AB734E3F36488701FED1B129 /* DictationKeyboard.appex */ = {isa = PBXFileReference; includeInIndex = 0; lastKnownFileType = "wrapper.app-extension"; path = DictationKeyboard.appex; sourceTree = BUILT_PRODUCTS_DIR; };
		AC198E3C20403986C286C56F /* Info.plist */ = {isa = PBXFileReference; lastKnownFileType = text.plist; path = Info.plist; sourceTree = "<group>"; };
		B225674414A940A2392DD7DB /* KeyboardView.swift */ = {isa = PBXFileReference; lastKnownFileType = sourcecode.swift; path = KeyboardView.swift; sourceTree = "<group>"; };
		BE887E842CD7E0B8D994BC54 /* Info.plist */ = {isa = PBXFileReference; lastKnownFileType = text.plist; path = Info.plist; sourceTree = "<group>"; };
		F893381EA572620312F7A2AA /* ClipboardPaster.swift */ = {isa = PBXFileReference; lastKnownFileType = sourcecode.swift; path = ClipboardPaster.swift; sourceTree = "<group>"; };
		F97B899A97B4F3B5B85F6786 /* SettingsView.swift */ = {isa = PBXFileReference; lastKnownFileType = sourcecode.swift; path = SettingsView.swift; sourceTree = "<group>"; };
		FF872B27AD0C32469AE69D86 /* DictationApp.entitlements */ = {isa = PBXFileReference; lastKnownFileType = text.plist.entitlements; path = DictationApp.entitlements; sourceTree = "<group>"; };
/* End PBXFileReference section */

/* Begin PBXFrameworksBuildPhase section */
		04D954B688DFBA421C1C0DA3 /* Frameworks */ = {
			isa = PBXFrameworksBuildPhase;
			buildActionMask = 2147483647;
			files = (
				99185F57719FEA84EF120C61 /* DictationCore in Frameworks */,
			);
			runOnlyForDeploymentPostprocessing = 0;
		};
		1CE2500F713D1A8FA081A864 /* Frameworks */ = {
			isa = PBXFrameworksBuildPhase;
			buildActionMask = 2147483647;
			files = (
				9A915D4B3075BE62D95E31A4 /* DictationCore in Frameworks */,
			);
			runOnlyForDeploymentPostprocessing = 0;
		};
		58DD8E37B2EC80B77810C984 /* Frameworks */ = {
			isa = PBXFrameworksBuildPhase;
			buildActionMask = 2147483647;
			files = (
				0532F7CC9BFAB959362B756A /* DictationCore in Frameworks */,
			);
			runOnlyForDeploymentPostprocessing = 0;
		};
/* End PBXFrameworksBuildPhase section */

/* Begin PBXGroup section */
		11CE0FB1551982302D01E1F4 = {
			isa = PBXGroup;
			children = (
				1A9038CBBE994A63C9B62539 /* DictationApp */,
				99930C2D1CFD42D4C940D4C1 /* DictationContainerApp */,
				B687AB2B0CD4EF8766B7F806 /* DictationKeyboard */,
				7E64C5DD7CA161EDE96558B7 /* Packages */,
				73754135B34ECBC4A8426BF4 /* Products */,
			);
			sourceTree = "<group>";
		};
		1A9038CBBE994A63C9B62539 /* DictationApp */ = {
			isa = PBXGroup;
			children = (
				9EA16F718EAE03DD7AB9DD43 /* AppState.swift */,
				9A88AA362405D41E5E904895 /* Assets.xcassets */,
				F893381EA572620312F7A2AA /* ClipboardPaster.swift */,
				FF872B27AD0C32469AE69D86 /* DictationApp.entitlements */,
				888388B0B045E88481C1043B /* DictationApp.swift */,
				07516F34C7DC680386D2DEBF /* HistoryView.swift */,
				6C601E327CB04D74E5AD1C9A /* HotkeyManager.swift */,
				AC198E3C20403986C286C56F /* Info.plist */,
				6A656F57CB9A3B48DF6FC115 /* LoginItem.swift */,
				32027EE74DAEBC2941119213 /* MenuBarView.swift */,
				6F0D7BCBCC11B04BED7F80D6 /* RecordingHUD.swift */,
				F97B899A97B4F3B5B85F6786 /* SettingsView.swift */,
			);
			path = DictationApp;
			sourceTree = "<group>";
		};
		73754135B34ECBC4A8426BF4 /* Products */ = {
			isa = PBXGroup;
			children = (
				2BEDE44D29C8252B3214EAD7 /* DictationApp.app */,
				53A1BB5F2F7803FB812B70FD /* DictationContainerApp.app */,
				AB734E3F36488701FED1B129 /* DictationKeyboard.appex */,
			);
			name = Products;
			sourceTree = "<group>";
		};
		7E64C5DD7CA161EDE96558B7 /* Packages */ = {
			isa = PBXGroup;
			children = (
				4F231A4EECBC7CE0F17AF2DD /* Shared */,
			);
			name = Packages;
			sourceTree = "<group>";
		};
		99930C2D1CFD42D4C940D4C1 /* DictationContainerApp */ = {
			isa = PBXGroup;
			children = (
				5F025B2FC9418006328C9828 /* Assets.xcassets */,
				5A2805EDCBC448FE97F2F90C /* ContentView.swift */,
				732756D9E94768DA56B07A2E /* DictationContainerApp.entitlements */,
				9F70B54D2321F41E75152BD7 /* DictationContainerApp.swift */,
				A1197CFEC1B1A50A15775D9A /* Info.plist */,
			);
			path = DictationContainerApp;
			sourceTree = "<group>";
		};
		B687AB2B0CD4EF8766B7F806 /* DictationKeyboard */ = {
			isa = PBXGroup;
			children = (
				A89209CB5C151D311F4CCB7F /* DictationKeyboard.entitlements */,
				BE887E842CD7E0B8D994BC54 /* Info.plist */,
				B225674414A940A2392DD7DB /* KeyboardView.swift */,
				15307C3865CB6707DF19534D /* KeyboardViewController.swift */,
				01890624510CD275A4C30EB4 /* KeyboardViewModel.swift */,
			);
			path = DictationKeyboard;
			sourceTree = "<group>";
		};
/* End PBXGroup section */

/* Begin PBXNativeTarget section */
		244C9960E4CEF184C03C3858 /* DictationKeyboard */ = {
			isa = PBXNativeTarget;
			buildConfigurationList = 684674F97865778D9BA9A854 /* Build configuration list for PBXNativeTarget "DictationKeyboard" */;
			buildPhases = (
				2C640B2AA3DC61F728144F9C /* Sources */,
				1CE2500F713D1A8FA081A864 /* Frameworks */,
			);
			buildRules = (
			);
			dependencies = (
			);
			name = DictationKeyboard;
			packageProductDependencies = (
				8BE29B8F9C617FDF501D8FE4 /* DictationCore */,
			);
			productName = DictationKeyboard;
			productReference = AB734E3F36488701FED1B129 /* DictationKeyboard.appex */;
			productType = "com.apple.product-type.app-extension";
		};
		7D5463259C04E621E98A4CF1 /* DictationApp */ = {
			isa = PBXNativeTarget;
			buildConfigurationList = 85CB74E4ECEE35555532E144 /* Build configuration list for PBXNativeTarget "DictationApp" */;
			buildPhases = (
				C4ACEC5A0B4CD1CEF3149E75 /* Sources */,
				AD8459A809D2F18B6DBFC2D9 /* Resources */,
				58DD8E37B2EC80B77810C984 /* Frameworks */,
			);
			buildRules = (
			);
			dependencies = (
			);
			name = DictationApp;
			packageProductDependencies = (
				63CB951FBD22B94AC1F74F8B /* DictationCore */,
			);
			productName = DictationApp;
			productReference = 2BEDE44D29C8252B3214EAD7 /* DictationApp.app */;
			productType = "com.apple.product-type.application";
		};
		7E215D20AFD4F98B22027E75 /* DictationContainerApp */ = {
			isa = PBXNativeTarget;
			buildConfigurationList = 0FAE9CC1C6917152180A6F8C /* Build configuration list for PBXNativeTarget "DictationContainerApp" */;
			buildPhases = (
				83E46B684889E21168757FF8 /* Sources */,
				7D1F531D6D7068944383A148 /* Resources */,
				04D954B688DFBA421C1C0DA3 /* Frameworks */,
				978CA3C89719EC5FE1BB4D12 /* Embed Foundation Extensions */,
			);
			buildRules = (
			);
			dependencies = (
				01081DA170CAAD2D4323BF16 /* PBXTargetDependency */,
			);
			name = DictationContainerApp;
			packageProductDependencies = (
				2705919702309D804336F6EF /* DictationCore */,
			);
			productName = DictationContainerApp;
			productReference = 53A1BB5F2F7803FB812B70FD /* DictationContainerApp.app */;
			productType = "com.apple.product-type.application";
		};
/* End PBXNativeTarget section */

/* Begin PBXProject section */
		754F90D46E2F40BDCD16AEA1 /* Project object */ = {
			isa = PBXProject;
			attributes = {
				BuildIndependentTargetsInParallel = YES;
				LastUpgradeCheck = 1600;
				TargetAttributes = {
					244C9960E4CEF184C03C3858 = {
						ProvisioningStyle = Automatic;
					};
					7D5463259C04E621E98A4CF1 = {
						ProvisioningStyle = Automatic;
					};
					7E215D20AFD4F98B22027E75 = {
						ProvisioningStyle = Automatic;
					};
				};
			};
			buildConfigurationList = BBBE0413EA402809FD491E01 /* Build configuration list for PBXProject "DictationApp" */;
			developmentRegion = en;
			hasScannedForEncodings = 0;
			knownRegions = (
				Base,
				en,
			);
			mainGroup = 11CE0FB1551982302D01E1F4;
			minimizedProjectReferenceProxies = 1;
			packageReferences = (
				465A731157F66EF98A7DD6E6 /* XCLocalSwiftPackageReference "Shared" */,
			);
			preferredProjectObjectVersion = 77;
			productRefGroup = 73754135B34ECBC4A8426BF4 /* Products */;
			projectDirPath = "";
			projectRoot = "";
			targets = (
				7D5463259C04E621E98A4CF1 /* DictationApp */,
				7E215D20AFD4F98B22027E75 /* DictationContainerApp */,
				244C9960E4CEF184C03C3858 /* DictationKeyboard */,
			);
		};
/* End PBXProject section */

/* Begin PBXResourcesBuildPhase section */
		7D1F531D6D7068944383A148 /* Resources */ = {
			isa = PBXResourcesBuildPhase;
			buildActionMask = 2147483647;
			files = (
				BFFAE8079D85E8343BC2CB69 /* Assets.xcassets in Resources */,
			);
			runOnlyForDeploymentPostprocessing = 0;
		};
		AD8459A809D2F18B6DBFC2D9 /* Resources */ = {
			isa = PBXResourcesBuildPhase;
			buildActionMask = 2147483647;
			files = (
				A27AF33A1FB87FD4D02A53E9 /* Assets.xcassets in Resources */,
			);
			runOnlyForDeploymentPostprocessing = 0;
		};
/* End PBXResourcesBuildPhase section */

/* Begin PBXSourcesBuildPhase section */
		2C640B2AA3DC61F728144F9C /* Sources */ = {
			isa = PBXSourcesBuildPhase;
			buildActionMask = 2147483647;
			files = (
				7AA5EE6C73DE9F948BF8FE3A /* KeyboardView.swift in Sources */,
				8E525BCD95FD477CDC884B5D /* KeyboardViewController.swift in Sources */,
				0F4CDA7E4641462C7C7177A6 /* KeyboardViewModel.swift in Sources */,
			);
			runOnlyForDeploymentPostprocessing = 0;
		};
		83E46B684889E21168757FF8 /* Sources */ = {
			isa = PBXSourcesBuildPhase;
			buildActionMask = 2147483647;
			files = (
				2D5B753C002980167ADB25D5 /* ContentView.swift in Sources */,
				604185F96C5AAC980428E7EF /* DictationContainerApp.swift in Sources */,
			);
			runOnlyForDeploymentPostprocessing = 0;
		};
		C4ACEC5A0B4CD1CEF3149E75 /* Sources */ = {
			isa = PBXSourcesBuildPhase;
			buildActionMask = 2147483647;
			files = (
				D1B0DB7869A88C834B38C4C2 /* AppState.swift in Sources */,
				03AE99BDB8D97E6C1E2AAAA9 /* ClipboardPaster.swift in Sources */,
				914EA6A02DC3169EC75C21A6 /* DictationApp.swift in Sources */,
				C71C111C0C05BB9AD26D5E33 /* HistoryView.swift in Sources */,
				5C3A024A857271A7DB5CFCFB /* HotkeyManager.swift in Sources */,
				48C088A41988BBDAC9CE27CC /* LoginItem.swift in Sources */,
				B23F39A534E5CA7E7F2F0654 /* MenuBarView.swift in Sources */,
				A5D121B36BAEB3746F99F1CC /* RecordingHUD.swift in Sources */,
				579481DFF171ABA4EE5304B6 /* SettingsView.swift in Sources */,
			);
			runOnlyForDeploymentPostprocessing = 0;
		};
/* End PBXSourcesBuildPhase section */

/* Begin PBXTargetDependency section */
		01081DA170CAAD2D4323BF16 /* PBXTargetDependency */ = {
			isa = PBXTargetDependency;
			target = 244C9960E4CEF184C03C3858 /* DictationKeyboard */;
			targetProxy = B36C75F5FBF1B29FAEA6378C /* PBXContainerItemProxy */;
		};
/* End PBXTargetDependency section */

/* Begin XCBuildConfiguration section */
		29F49EA8FD7DC75ED2E4C919 /* Debug */ = {
			isa = XCBuildConfiguration;
			buildSettings = {
				ALWAYS_SEARCH_USER_PATHS = NO;
				CLANG_ANALYZER_NONNULL = YES;
				CLANG_ANALYZER_NUMBER_OBJECT_CONVERSION = YES_AGGRESSIVE;
				CLANG_CXX_LANGUAGE_STANDARD = "gnu++14";
				CLANG_CXX_LIBRARY = "libc++";
				CLANG_ENABLE_MODULES = YES;
				CLANG_ENABLE_OBJC_ARC = YES;
				CLANG_ENABLE_OBJC_WEAK = YES;
				CLANG_WARN_BLOCK_CAPTURE_AUTORELEASING = YES;
				CLANG_WARN_BOOL_CONVERSION = YES;
				CLANG_WARN_COMMA = YES;
				CLANG_WARN_CONSTANT_CONVERSION = YES;
				CLANG_WARN_DEPRECATED_OBJC_IMPLEMENTATIONS = YES;
				CLANG_WARN_DIRECT_OBJC_ISA_USAGE = YES_ERROR;
				CLANG_WARN_DOCUMENTATION_COMMENTS = YES;
				CLANG_WARN_EMPTY_BODY = YES;
				CLANG_WARN_ENUM_CONVERSION = YES;
				CLANG_WARN_INFINITE_RECURSION = YES;
				CLANG_WARN_INT_CONVERSION = YES;
				CLANG_WARN_NON_LITERAL_NULL_CONVERSION = YES;
				CLANG_WARN_OBJC_IMPLICIT_RETAIN_SELF = YES;
				CLANG_WARN_OBJC_LITERAL_CONVERSION = YES;
				CLANG_WARN_OBJC_ROOT_CLASS = YES_ERROR;
				CLANG_WARN_QUOTED_INCLUDE_IN_FRAMEWORK_HEADER = YES;
				CLANG_WARN_RANGE_LOOP_ANALYSIS = YES;
				CLANG_WARN_STRICT_PROTOTYPES = YES;
				CLANG_WARN_SUSPICIOUS_MOVE = YES;
				CLANG_WARN_UNGUARDED_AVAILABILITY = YES_AGGRESSIVE;
				CLANG_WARN_UNREACHABLE_CODE = YES;
				CLANG_WARN__DUPLICATE_METHOD_MATCH = YES;
				COPY_PHASE_STRIP = NO;
				DEBUG_INFORMATION_FORMAT = dwarf;
				ENABLE_STRICT_OBJC_MSGSEND = YES;
				ENABLE_TESTABILITY = YES;
				GCC_C_LANGUAGE_STANDARD = gnu11;
				GCC_DYNAMIC_NO_PIC = NO;
				GCC_NO_COMMON_BLOCKS = YES;
				GCC_OPTIMIZATION_LEVEL = 0;
				GCC_PREPROCESSOR_DEFINITIONS = (
					"$(inherited)",
					"DEBUG=1",
				);
				GCC_WARN_64_TO_32_BIT_CONVERSION = YES;
				GCC_WARN_ABOUT_RETURN_TYPE = YES_ERROR;
				GCC_WARN_UNDECLARED_SELECTOR = YES;
				GCC_WARN_UNINITIALIZED_AUTOS = YES_AGGRESSIVE;
				GCC_WARN_UNUSED_FUNCTION = YES;
				GCC_WARN_UNUSED_VARIABLE = YES;
				IPHONEOS_DEPLOYMENT_TARGET = 17.0;
				MACOSX_DEPLOYMENT_TARGET = 14.0;
				MTL_ENABLE_DEBUG_INFO = INCLUDE_SOURCE;
				MTL_FAST_MATH = YES;
				ONLY_ACTIVE_ARCH = YES;
				PRODUCT_NAME = "$(TARGET_NAME)";
				SWIFT_ACTIVE_COMPILATION_CONDITIONS = DEBUG;
				SWIFT_OPTIMIZATION_LEVEL = "-Onone";
				SWIFT_VERSION = 5.0;
			};
			name = Debug;
		};
		3B4BEF891E4F52FFB3F09B0C /* Release */ = {
			isa = XCBuildConfiguration;
			buildSettings = {
				ASSETCATALOG_COMPILER_APPICON_NAME = AppIcon;
				CODE_SIGN_ENTITLEMENTS = DictationContainerApp/DictationContainerApp.entitlements;
				CODE_SIGN_IDENTITY = "iPhone Developer";
				CODE_SIGN_STYLE = Automatic;
				INFOPLIST_FILE = DictationContainerApp/Info.plist;
				IPHONEOS_DEPLOYMENT_TARGET = 17.0;
				LD_RUNPATH_SEARCH_PATHS = (
					"$(inherited)",
					"@executable_path/Frameworks",
				);
				PRODUCT_BUNDLE_IDENTIFIER = com.trika.dictation.ios;
				SDKROOT = iphoneos;
				SWIFT_VERSION = 5.9;
				TARGETED_DEVICE_FAMILY = "1,2";
			};
			name = Release;
		};
		781DAF61094BA83ED92F41F3 /* Debug */ = {
			isa = XCBuildConfiguration;
			buildSettings = {
				CODE_SIGN_ENTITLEMENTS = DictationKeyboard/DictationKeyboard.entitlements;
				CODE_SIGN_STYLE = Automatic;
				INFOPLIST_FILE = DictationKeyboard/Info.plist;
				IPHONEOS_DEPLOYMENT_TARGET = 17.0;
				LD_RUNPATH_SEARCH_PATHS = (
					"$(inherited)",
					"@executable_path/Frameworks",
					"@executable_path/../../Frameworks",
				);
				PRODUCT_BUNDLE_IDENTIFIER = com.trika.dictation.keyboard;
				SDKROOT = iphoneos;
				SWIFT_VERSION = 5.9;
				TARGETED_DEVICE_FAMILY = "1,2";
			};
			name = Debug;
		};
		834EF61799B32B0824A81AB9 /* Release */ = {
			isa = XCBuildConfiguration;
			buildSettings = {
				ALWAYS_SEARCH_USER_PATHS = NO;
				CLANG_ANALYZER_NONNULL = YES;
				CLANG_ANALYZER_NUMBER_OBJECT_CONVERSION = YES_AGGRESSIVE;
				CLANG_CXX_LANGUAGE_STANDARD = "gnu++14";
				CLANG_CXX_LIBRARY = "libc++";
				CLANG_ENABLE_MODULES = YES;
				CLANG_ENABLE_OBJC_ARC = YES;
				CLANG_ENABLE_OBJC_WEAK = YES;
				CLANG_WARN_BLOCK_CAPTURE_AUTORELEASING = YES;
				CLANG_WARN_BOOL_CONVERSION = YES;
				CLANG_WARN_COMMA = YES;
				CLANG_WARN_CONSTANT_CONVERSION = YES;
				CLANG_WARN_DEPRECATED_OBJC_IMPLEMENTATIONS = YES;
				CLANG_WARN_DIRECT_OBJC_ISA_USAGE = YES_ERROR;
				CLANG_WARN_DOCUMENTATION_COMMENTS = YES;
				CLANG_WARN_EMPTY_BODY = YES;
				CLANG_WARN_ENUM_CONVERSION = YES;
				CLANG_WARN_INFINITE_RECURSION = YES;
				CLANG_WARN_INT_CONVERSION = YES;
				CLANG_WARN_NON_LITERAL_NULL_CONVERSION = YES;
				CLANG_WARN_OBJC_IMPLICIT_RETAIN_SELF = YES;
				CLANG_WARN_OBJC_LITERAL_CONVERSION = YES;
				CLANG_WARN_OBJC_ROOT_CLASS = YES_ERROR;
				CLANG_WARN_QUOTED_INCLUDE_IN_FRAMEWORK_HEADER = YES;
				CLANG_WARN_RANGE_LOOP_ANALYSIS = YES;
				CLANG_WARN_STRICT_PROTOTYPES = YES;
				CLANG_WARN_SUSPICIOUS_MOVE = YES;
				CLANG_WARN_UNGUARDED_AVAILABILITY = YES_AGGRESSIVE;
				CLANG_WARN_UNREACHABLE_CODE = YES;
				CLANG_WARN__DUPLICATE_METHOD_MATCH = YES;
				COPY_PHASE_STRIP = NO;
				DEBUG_INFORMATION_FORMAT = "dwarf-with-dsym";
				ENABLE_NS_ASSERTIONS = NO;
				ENABLE_STRICT_OBJC_MSGSEND = YES;
				GCC_C_LANGUAGE_STANDARD = gnu11;
				GCC_NO_COMMON_BLOCKS = YES;
				GCC_WARN_64_TO_32_BIT_CONVERSION = YES;
				GCC_WARN_ABOUT_RETURN_TYPE = YES_ERROR;
				GCC_WARN_UNDECLARED_SELECTOR = YES;
				GCC_WARN_UNINITIALIZED_AUTOS = YES_AGGRESSIVE;
				GCC_WARN_UNUSED_FUNCTION = YES;
				GCC_WARN_UNUSED_VARIABLE = YES;
				IPHONEOS_DEPLOYMENT_TARGET = 17.0;
				MACOSX_DEPLOYMENT_TARGET = 14.0;
				MTL_ENABLE_DEBUG_INFO = NO;
				MTL_FAST_MATH = YES;
				PRODUCT_NAME = "$(TARGET_NAME)";
				SWIFT_COMPILATION_MODE = wholemodule;
				SWIFT_OPTIMIZATION_LEVEL = "-O";
				SWIFT_VERSION = 5.0;
			};
			name = Release;
		};
		9366D3CFC76DDA641089EF69 /* Debug */ = {
			isa = XCBuildConfiguration;
			buildSettings = {
				ASSETCATALOG_COMPILER_APPICON_NAME = AppIcon;
				CODE_SIGN_ENTITLEMENTS = DictationApp/DictationApp.entitlements;
				CODE_SIGN_STYLE = Automatic;
				COMBINE_HIDPI_IMAGES = YES;
				INFOPLIST_FILE = DictationApp/Info.plist;
				LD_RUNPATH_SEARCH_PATHS = (
					"$(inherited)",
					"@executable_path/../Frameworks",
				);
				LSUIElement = YES;
				MACOSX_DEPLOYMENT_TARGET = 14.0;
				PRODUCT_BUNDLE_IDENTIFIER = com.trika.dictation.mac;
				SDKROOT = macosx;
				SWIFT_OPTIMIZATION_LEVEL = "-Onone";
				SWIFT_VERSION = 5.9;
			};
			name = Debug;
		};
		996B720B9863128F09A5D6BA /* Release */ = {
			isa = XCBuildConfiguration;
			buildSettings = {
				CODE_SIGN_ENTITLEMENTS = DictationKeyboard/DictationKeyboard.entitlements;
				CODE_SIGN_STYLE = Automatic;
				INFOPLIST_FILE = DictationKeyboard/Info.plist;
				IPHONEOS_DEPLOYMENT_TARGET = 17.0;
				LD_RUNPATH_SEARCH_PATHS = (
					"$(inherited)",
					"@executable_path/Frameworks",
					"@executable_path/../../Frameworks",
				);
				PRODUCT_BUNDLE_IDENTIFIER = com.trika.dictation.keyboard;
				SDKROOT = iphoneos;
				SWIFT_VERSION = 5.9;
				TARGETED_DEVICE_FAMILY = "1,2";
			};
			name = Release;
		};
		C08A327E7C5EB876648E5BE6 /* Debug */ = {
			isa = XCBuildConfiguration;
			buildSettings = {
				ASSETCATALOG_COMPILER_APPICON_NAME = AppIcon;
				CODE_SIGN_ENTITLEMENTS = DictationContainerApp/DictationContainerApp.entitlements;
				CODE_SIGN_IDENTITY = "iPhone Developer";
				CODE_SIGN_STYLE = Automatic;
				INFOPLIST_FILE = DictationContainerApp/Info.plist;
				IPHONEOS_DEPLOYMENT_TARGET = 17.0;
				LD_RUNPATH_SEARCH_PATHS = (
					"$(inherited)",
					"@executable_path/Frameworks",
				);
				PRODUCT_BUNDLE_IDENTIFIER = com.trika.dictation.ios;
				SDKROOT = iphoneos;
				SWIFT_VERSION = 5.9;
				TARGETED_DEVICE_FAMILY = "1,2";
			};
			name = Debug;
		};
		E5C88528AB2746BE1348C67D /* Release */ = {
			isa = XCBuildConfiguration;
			buildSettings = {
				ASSETCATALOG_COMPILER_APPICON_NAME = AppIcon;
				CODE_SIGN_ENTITLEMENTS = DictationApp/DictationApp.entitlements;
				CODE_SIGN_STYLE = Automatic;
				COMBINE_HIDPI_IMAGES = YES;
				INFOPLIST_FILE = DictationApp/Info.plist;
				LD_RUNPATH_SEARCH_PATHS = (
					"$(inherited)",
					"@executable_path/../Frameworks",
				);
				LSUIElement = YES;
				MACOSX_DEPLOYMENT_TARGET = 14.0;
				PRODUCT_BUNDLE_IDENTIFIER = com.trika.dictation.mac;
				SDKROOT = macosx;
				SWIFT_VERSION = 5.9;
			};
			name = Release;
		};
/* End XCBuildConfiguration section */

/* Begin XCConfigurationList section */
		0FAE9CC1C6917152180A6F8C /* Build configuration list for PBXNativeTarget "DictationContainerApp" */ = {
			isa = XCConfigurationList;
			buildConfigurations = (
				C08A327E7C5EB876648E5BE6 /* Debug */,
				3B4BEF891E4F52FFB3F09B0C /* Release */,
			);
			defaultConfigurationIsVisible = 0;
			defaultConfigurationName = Debug;
		};
		684674F97865778D9BA9A854 /* Build configuration list for PBXNativeTarget "DictationKeyboard" */ = {
			isa = XCConfigurationList;
			buildConfigurations = (
				781DAF61094BA83ED92F41F3 /* Debug */,
				996B720B9863128F09A5D6BA /* Release */,
			);
			defaultConfigurationIsVisible = 0;
			defaultConfigurationName = Debug;
		};
		85CB74E4ECEE35555532E144 /* Build configuration list for PBXNativeTarget "DictationApp" */ = {
			isa = XCConfigurationList;
			buildConfigurations = (
				9366D3CFC76DDA641089EF69 /* Debug */,
				E5C88528AB2746BE1348C67D /* Release */,
			);
			defaultConfigurationIsVisible = 0;
			defaultConfigurationName = Debug;
		};
		BBBE0413EA402809FD491E01 /* Build configuration list for PBXProject "DictationApp" */ = {
			isa = XCConfigurationList;
			buildConfigurations = (
				29F49EA8FD7DC75ED2E4C919 /* Debug */,
				834EF61799B32B0824A81AB9 /* Release */,
			);
			defaultConfigurationIsVisible = 0;
			defaultConfigurationName = Debug;
		};
/* End XCConfigurationList section */

/* Begin XCLocalSwiftPackageReference section */
		465A731157F66EF98A7DD6E6 /* XCLocalSwiftPackageReference "Shared" */ = {
			isa = XCLocalSwiftPackageReference;
			relativePath = Shared;
		};
/* End XCLocalSwiftPackageReference section */

/* Begin XCSwiftPackageProductDependency section */
		2705919702309D804336F6EF /* DictationCore */ = {
			isa = XCSwiftPackageProductDependency;
			productName = DictationCore;
		};
		63CB951FBD22B94AC1F74F8B /* DictationCore */ = {
			isa = XCSwiftPackageProductDependency;
			productName = DictationCore;
		};
		8BE29B8F9C617FDF501D8FE4 /* DictationCore */ = {
			isa = XCSwiftPackageProductDependency;
			productName = DictationCore;
		};
/* End XCSwiftPackageProductDependency section */
	};
	rootObject = 754F90D46E2F40BDCD16AEA1 /* Project object */;
}
